// !$*UTF8*$!
{
	archiveVersion = 1;
	classes = {
	};
	objectVersion = 77;
	objects = {

/* Begin PBXBuildFile section */
		00ECC2C717C840949927EF92 /* ClipboardEntry.swift in Sources */ = {isa = PBXBuildFile; fileRef = E955B7B5C9C6E8ACA5E86022 /* ClipboardEntry.swift */; };
		079748640601C18F13C6BBEA /* Assets.xcassets in Resources */ = {isa = PBXBuildFile; fileRef = 30E11364E2666F7E73C54D7D /* Assets.xcassets */; };
		0A24537F5B347368530FDBC4 /* sequoia-light.png in Resources */ = {isa = PBXBuildFile; fileRef = C5A4D0737AA92751C8DF31B4 /* sequoia-light.png */; };
		0FC71F0CF41DEE4DF86C4F9C /* ImageFramer.swift in Sources */ = {isa = PBXBuildFile; fileRef = 1E1984BF89FE4C74F4F1A0D4 /* ImageFramer.swift */; };
		133991DEE4C63F117D8A05E6 /* ClipEntryLeadingIcon.swift in Sources */ = {isa = PBXBuildFile; fileRef = BB4E160D4DAE7C7F93BA103B /* ClipEntryLeadingIcon.swift */; };
		1D760B7B9A97B8264B50317A /* ClipEntryRowLabels.swift in Sources */ = {isa = PBXBuildFile; fileRef = 330DA393B8126F81C67AD6EB /* ClipEntryRowLabels.swift */; };
		1EFF696220EBC543548BE343 /* ScreenCaptureKit.framework in Frameworks */ = {isa = PBXBuildFile; fileRef = A7F7677ADC2BA0B72BDCEBF5 /* ScreenCaptureKit.framework */; };
		23C6499D022468FB17EECB41 /* ClipboardStore.swift in Sources */ = {isa = PBXBuildFile; fileRef = F15A4ECCAA9A7372DB15A7E8 /* ClipboardStore.swift */; };
		250A8B0F67E4F5DDA1071000 /* main.swift in Sources */ = {isa = PBXBuildFile; fileRef = 4E415E4323B59400A70E83FC /* main.swift */; };
		269C24D2B3A12EB25C0D28C5 /* StatusBarPopoverController.swift in Sources */ = {isa = PBXBuildFile; fileRef = 5BE8E86AA04D3C8B9C2BA9A4 /* StatusBarPopoverController.swift */; };
		26D70B3A5515E1CA7C6376D2 /* tahoe-beach-day.png in Resources */ = {isa = PBXBuildFile; fileRef = 4BF94003ACDBD2ACFB274D96 /* tahoe-beach-day.png */; };
		2CEF125D78B5B70D73CDD5CC /* RecordingDimOverlayController.swift in Sources */ = {isa = PBXBuildFile; fileRef = 414C06CAD6CBBB92196136E5 /* RecordingDimOverlayController.swift */; };
		30735F291F553707BA2A64B7 /* CaptureActionSymbol.swift in Sources */ = {isa = PBXBuildFile; fileRef = 8AE633B1AF39F3084ACB13BD /* CaptureActionSymbol.swift */; };
		37D6F3FC76FF24596F96AE08 /* PanelController.swift in Sources */ = {isa = PBXBuildFile; fileRef = DDDB9D2C18D138F6E4748D1A /* PanelController.swift */; };
		38A22B38FFC82423FE2EC859 /* AppModelContainer.swift in Sources */ = {isa = PBXBuildFile; fileRef = 53E4436B40C55A08E5C97F5A /* AppModelContainer.swift */; };
		3917EB1DFD9B6583E7AF255F /* WallpaperFrame.swift in Sources */ = {isa = PBXBuildFile; fileRef = 5298CE0F84B1447AEF03AC16 /* WallpaperFrame.swift */; };
		4279D05EB5849ADBB561BC77 /* WallpaperFrameLibrary.swift in Sources */ = {isa = PBXBuildFile; fileRef = A76ED578606AABEE6B8E79D1 /* WallpaperFrameLibrary.swift */; };
		48DF5A94E202473454236055 /* HotKeyManager.swift in Sources */ = {isa = PBXBuildFile; fileRef = C0A3A6CB12A150B55168B312 /* HotKeyManager.swift */; };
		4ACE22E4A43D6D22A2F54FEA /* sequoia-sunrise.png in Resources */ = {isa = PBXBuildFile; fileRef = 57AF0CA47B5466F4BECE8D17 /* sequoia-sunrise.png */; };
		4AD487E4BAF156C280059672 /* PasteboardMonitor.swift in Sources */ = {isa = PBXBuildFile; fileRef = 44F3CA1AD2F1332D79B48B79 /* PasteboardMonitor.swift */; };
		56D9CBD1DB0F5EF1DB699E80 /* AppIconResolver.swift in Sources */ = {isa = PBXBuildFile; fileRef = 1C5BC8040E4331D37B8ECF67 /* AppIconResolver.swift */; };
		63A861CE44CD0EAB8DF39896 /* ClipRenameBar.swift in Sources */ = {isa = PBXBuildFile; fileRef = 62E40AE7A5000372F2127B77 /* ClipRenameBar.swift */; };
		661BE62CAE15AD29224B240B /* Date+ClipFormatting.swift in Sources */ = {isa = PBXBuildFile; fileRef = 30229873C44CC54400D1C744 /* Date+ClipFormatting.swift */; };
		6E48E6171AF82A3A84A0F143 /* RowClickHandling.swift in Sources */ = {isa = PBXBuildFile; fileRef = A014F6A15549D95FB46D5302 /* RowClickHandling.swift */; };
		707FD31FCF6D3C23A7F355CF /* HideTextFieldFocusRing.swift in Sources */ = {isa = PBXBuildFile; fileRef = 0D9B634D8A7F81B967797A99 /* HideTextFieldFocusRing.swift */; };
		745C3577A6EFCF00856C08E3 /* ventura.png in Resources */ = {isa = PBXBuildFile; fileRef = A2B369E3801F43BA87328743 /* ventura.png */; };
		7F4620053AA69AB8A3C8D8F0 /* WindowSnapHelper.swift in Sources */ = {isa = PBXBuildFile; fileRef = B7B0A9FAC9A49162CEDB8615 /* WindowSnapHelper.swift */; };
		866DBB21FA4CCFB4C64E5A91 /* ManagePresetsWindowController.swift in Sources */ = {isa = PBXBuildFile; fileRef = 9F29F0D57074003989A4ED38 /* ManagePresetsWindowController.swift */; };
		9493FCDFD69178AF175776CF /* AVFoundation.framework in Frameworks */ = {isa = PBXBuildFile; fileRef = F6F40FB1ED7600A64FB58F72 /* AVFoundation.framework */; };
		94D417759BCE49DF5C8579AD /* PermissionManager.swift in Sources */ = {isa = PBXBuildFile; fileRef = 32F824237740C8E6395E793F /* PermissionManager.swift */; };
		9613F1716D3373FF6889099F /* WidthPreset.swift in Sources */ = {isa = PBXBuildFile; fileRef = 35D993017A2EAAEA9BE82F28 /* WidthPreset.swift */; };
		996BDCDDA8359766AB3543F8 /* PresetStore.swift in Sources */ = {isa = PBXBuildFile; fileRef = B8409B947DC3C998D3CD9C17 /* PresetStore.swift */; };
		9E8F7D3C1EB5E415F9EC08BA /* RegionSelectorController.swift in Sources */ = {isa = PBXBuildFile; fileRef = 8F6D1475373E63AB7C1A246E /* RegionSelectorController.swift */; };
		B02B9169D696DB9DC4F1A4B8 /* KeyboardNavigationHandlers.swift in Sources */ = {isa = PBXBuildFile; fileRef = 17889F6CA04E5C396C7D78F5 /* KeyboardNavigationHandlers.swift */; };
		BB454437C3F80051E8C3C9D8 /* CaptureToastController.swift in Sources */ = {isa = PBXBuildFile; fileRef = 3685DAD64FB238C176B0E70A /* CaptureToastController.swift */; };
		BBE15B6CAE232B302998F4F2 /* tiger.png in Resources */ = {isa = PBXBuildFile; fileRef = F241498E324524D80BEB11A0 /* tiger.png */; };
		C14E96BE351FD2F6BFBD6843 /* AppDelegate.swift in Sources */ = {isa = PBXBuildFile; fileRef = 58E81A318D88EADB62857D1B /* AppDelegate.swift */; };
		C16E76DC62277DCE84BC6D65 /* WindowPickerOverlayController.swift in Sources */ = {isa = PBXBuildFile; fileRef = 46ACF7074C9C1FBF4EC8F35D /* WindowPickerOverlayController.swift */; };
		C7BC139F7D407DB2F420D39B /* ClipStackPanelView.swift in Sources */ = {isa = PBXBuildFile; fileRef = 5E6AABD00AEE073CAE9811EF /* ClipStackPanelView.swift */; };
		C80E5612FC4A0CCFC77CDDF0 /* SettingsWindowController.swift in Sources */ = {isa = PBXBuildFile; fileRef = D54D28040278DA6DFB065A18 /* SettingsWindowController.swift */; };
		CF197E6F5B0F8E83EE56A54B /* ScreenCaptureService.swift in Sources */ = {isa = PBXBuildFile; fileRef = 4388B968F70BE0DB4B91D8FC /* ScreenCaptureService.swift */; };
		D4AE903AA4E50A924B5ED895 /* CapturePresetStore.swift in Sources */ = {isa = PBXBuildFile; fileRef = 83BD87349207258D418C17A3 /* CapturePresetStore.swift */; };
		D5E84197E3DDD3C07A6D4E1C /* WindowResizer.swift in Sources */ = {isa = PBXBuildFile; fileRef = D6F762A13D0729BE0BC9EE04 /* WindowResizer.swift */; };
		D749DA8B8CC480EB8FCF20F8 /* tahoe-light.png in Resources */ = {isa = PBXBuildFile; fileRef = 63016E459E9FD41EA2FBE3EA /* tahoe-light.png */; };
		DC50BFC337FC899C0B569564 /* RegionOverlayController.swift in Sources */ = {isa = PBXBuildFile; fileRef = 9EC4D0CD56BF48496008434F /* RegionOverlayController.swift */; };
		DEFCE4914CFD3F8A2941DC91 /* ManageCapturePresetsWindowController.swift in Sources */ = {isa = PBXBuildFile; fileRef = EB707BF16F382FDD1D5066E9 /* ManageCapturePresetsWindowController.swift */; };
		F0F34EFD223F1515671059E0 /* WindowPickerController.swift in Sources */ = {isa = PBXBuildFile; fileRef = AA9FAAC68248813A06ABCC55 /* WindowPickerController.swift */; };
		F3646EF2FF0988FB75DE931F /* KeyboardShortcuts in Frameworks */ = {isa = PBXBuildFile; productRef = 5053D96CBC31A6AC04EE4F07 /* KeyboardShortcuts */; };
		F437CAC9D0197F4A19AD5436 /* CapturePreset.swift in Sources */ = {isa = PBXBuildFile; fileRef = D38061566A7F97BB4FE27BCD /* CapturePreset.swift */; };
		F51F6CCC9DE42E96DEBC4373 /* ClipboardKeyboardView.swift in Sources */ = {isa = PBXBuildFile; fileRef = 4C8086AC9C3F2CBC99D72C50 /* ClipboardKeyboardView.swift */; };
		F52A07CBAD035B8F51051478 /* ClipEntryThumbnail.swift in Sources */ = {isa = PBXBuildFile; fileRef = 2065D000C3E4B9F1F899DD71 /* ClipEntryThumbnail.swift */; };
		FED5F11077B93A970E576A0E /* PermissionsWindowController.swift in Sources */ = {isa = PBXBuildFile; fileRef = 4A72144684651120725866ED /* PermissionsWindowController.swift */; };
		FEFD635408FC022A520ED17C /* cheetah.png in Resources */ = {isa = PBXBuildFile; fileRef = AC4D8CEDC2E4D2B6BF225D7E /* cheetah.png */; };
/* End PBXBuildFile section */

/* Begin PBXFileReference section */
		0D9B634D8A7F81B967797A99 /* HideTextFieldFocusRing.swift */ = {isa = PBXFileReference; lastKnownFileType = sourcecode.swift; path = HideTextFieldFocusRing.swift; sourceTree = "<group>"; };
		17889F6CA04E5C396C7D78F5 /* KeyboardNavigationHandlers.swift */ = {isa = PBXFileReference; lastKnownFileType = sourcecode.swift; path = KeyboardNavigationHandlers.swift; sourceTree = "<group>"; };
		1C5BC8040E4331D37B8ECF67 /* AppIconResolver.swift */ = {isa = PBXFileReference; lastKnownFileType = sourcecode.swift; path = AppIconResolver.swift; sourceTree = "<group>"; };
		1E1984BF89FE4C74F4F1A0D4 /* ImageFramer.swift */ = {isa = PBXFileReference; lastKnownFileType = sourcecode.swift; path = ImageFramer.swift; sourceTree = "<group>"; };
		2065D000C3E4B9F1F899DD71 /* ClipEntryThumbnail.swift */ = {isa = PBXFileReference; lastKnownFileType = sourcecode.swift; path = ClipEntryThumbnail.swift; sourceTree = "<group>"; };
		30229873C44CC54400D1C744 /* Date+ClipFormatting.swift */ = {isa = PBXFileReference; lastKnownFileType = sourcecode.swift; path = "Date+ClipFormatting.swift"; sourceTree = "<group>"; };
		30E11364E2666F7E73C54D7D /* Assets.xcassets */ = {isa = PBXFileReference; lastKnownFileType = folder.assetcatalog; path = Assets.xcassets; sourceTree = "<group>"; };
		32F824237740C8E6395E793F /* PermissionManager.swift */ = {isa = PBXFileReference; lastKnownFileType = sourcecode.swift; path = PermissionManager.swift; sourceTree = "<group>"; };
		330DA393B8126F81C67AD6EB /* ClipEntryRowLabels.swift */ = {isa = PBXFileReference; lastKnownFileType = sourcecode.swift; path = ClipEntryRowLabels.swift; sourceTree = "<group>"; };
		35D993017A2EAAEA9BE82F28 /* WidthPreset.swift */ = {isa = PBXFileReference; lastKnownFileType = sourcecode.swift; path = WidthPreset.swift; sourceTree = "<group>"; };
		3685DAD64FB238C176B0E70A /* CaptureToastController.swift */ = {isa = PBXFileReference; lastKnownFileType = sourcecode.swift; path = CaptureToastController.swift; sourceTree = "<group>"; };
		414C06CAD6CBBB92196136E5 /* RecordingDimOverlayController.swift */ = {isa = PBXFileReference; lastKnownFileType = sourcecode.swift; path = RecordingDimOverlayController.swift; sourceTree = "<group>"; };
		4388B968F70BE0DB4B91D8FC /* ScreenCaptureService.swift */ = {isa = PBXFileReference; lastKnownFileType = sourcecode.swift; path = ScreenCaptureService.swift; sourceTree = "<group>"; };
		44F3CA1AD2F1332D79B48B79 /* PasteboardMonitor.swift */ = {isa = PBXFileReference; lastKnownFileType = sourcecode.swift; path = PasteboardMonitor.swift; sourceTree = "<group>"; };
		46ACF7074C9C1FBF4EC8F35D /* WindowPickerOverlayController.swift */ = {isa = PBXFileReference; lastKnownFileType = sourcecode.swift; path = WindowPickerOverlayController.swift; sourceTree = "<group>"; };
		4A72144684651120725866ED /* PermissionsWindowController.swift */ = {isa = PBXFileReference; lastKnownFileType = sourcecode.swift; path = PermissionsWindowController.swift; sourceTree = "<group>"; };
		4AD33A9A1EA5E938B05C3DC9 /* ClipStack.app */ = {isa = PBXFileReference; explicitFileType = wrapper.application; includeInIndex = 0; path = ClipStack.app; sourceTree = BUILT_PRODUCTS_DIR; };
		4BF94003ACDBD2ACFB274D96 /* tahoe-beach-day.png */ = {isa = PBXFileReference; lastKnownFileType = image.png; path = "tahoe-beach-day.png"; sourceTree = "<group>"; };
		4C8086AC9C3F2CBC99D72C50 /* ClipboardKeyboardView.swift */ = {isa = PBXFileReference; lastKnownFileType = sourcecode.swift; path = ClipboardKeyboardView.swift; sourceTree = "<group>"; };
		4E415E4323B59400A70E83FC /* main.swift */ = {isa = PBXFileReference; lastKnownFileType = sourcecode.swift; path = main.swift; sourceTree = "<group>"; };
		5298CE0F84B1447AEF03AC16 /* WallpaperFrame.swift */ = {isa = PBXFileReference; lastKnownFileType = sourcecode.swift; path = WallpaperFrame.swift; sourceTree = "<group>"; };
		53E4436B40C55A08E5C97F5A /* AppModelContainer.swift */ = {isa = PBXFileReference; lastKnownFileType = sourcecode.swift; path = AppModelContainer.swift; sourceTree = "<group>"; };
		57AF0CA47B5466F4BECE8D17 /* sequoia-sunrise.png */ = {isa = PBXFileReference; lastKnownFileType = image.png; path = "sequoia-sunrise.png"; sourceTree = "<group>"; };
		58E81A318D88EADB62857D1B /* AppDelegate.swift */ = {isa = PBXFileReference; lastKnownFileType = sourcecode.swift; path = AppDelegate.swift; sourceTree = "<group>"; };
		5BE8E86AA04D3C8B9C2BA9A4 /* StatusBarPopoverController.swift */ = {isa = PBXFileReference; lastKnownFileType = sourcecode.swift; path = StatusBarPopoverController.swift; sourceTree = "<group>"; };
		5E6AABD00AEE073CAE9811EF /* ClipStackPanelView.swift */ = {isa = PBXFileReference; lastKnownFileType = sourcecode.swift; path = ClipStackPanelView.swift; sourceTree = "<group>"; };
		62E40AE7A5000372F2127B77 /* ClipRenameBar.swift */ = {isa = PBXFileReference; lastKnownFileType = sourcecode.swift; path = ClipRenameBar.swift; sourceTree = "<group>"; };
		63016E459E9FD41EA2FBE3EA /* tahoe-light.png */ = {isa = PBXFileReference; lastKnownFileType = image.png; path = "tahoe-light.png"; sourceTree = "<group>"; };
		83BD87349207258D418C17A3 /* CapturePresetStore.swift */ = {isa = PBXFileReference; lastKnownFileType = sourcecode.swift; path = CapturePresetStore.swift; sourceTree = "<group>"; };
		8AE633B1AF39F3084ACB13BD /* CaptureActionSymbol.swift */ = {isa = PBXFileReference; lastKnownFileType = sourcecode.swift; path = CaptureActionSymbol.swift; sourceTree = "<group>"; };
		8F6D1475373E63AB7C1A246E /* RegionSelectorController.swift */ = {isa = PBXFileReference; lastKnownFileType = sourcecode.swift; path = RegionSelectorController.swift; sourceTree = "<group>"; };
		9EC4D0CD56BF48496008434F /* RegionOverlayController.swift */ = {isa = PBXFileReference; lastKnownFileType = sourcecode.swift; path = RegionOverlayController.swift; sourceTree = "<group>"; };
		9F29F0D57074003989A4ED38 /* ManagePresetsWindowController.swift */ = {isa = PBXFileReference; lastKnownFileType = sourcecode.swift; path = ManagePresetsWindowController.swift; sourceTree = "<group>"; };
		A014F6A15549D95FB46D5302 /* RowClickHandling.swift */ = {isa = PBXFileReference; lastKnownFileType = sourcecode.swift; path = RowClickHandling.swift; sourceTree = "<group>"; };
		A2B369E3801F43BA87328743 /* ventura.png */ = {isa = PBXFileReference; lastKnownFileType = image.png; path = ventura.png; sourceTree = "<group>"; };
		A76ED578606AABEE6B8E79D1 /* WallpaperFrameLibrary.swift */ = {isa = PBXFileReference; lastKnownFileType = sourcecode.swift; path = WallpaperFrameLibrary.swift; sourceTree = "<group>"; };
		A7F7677ADC2BA0B72BDCEBF5 /* ScreenCaptureKit.framework */ = {isa = PBXFileReference; lastKnownFileType = wrapper.framework; name = ScreenCaptureKit.framework; path = System/Library/Frameworks/ScreenCaptureKit.framework; sourceTree = SDKROOT; };
		AA9FAAC68248813A06ABCC55 /* WindowPickerController.swift */ = {isa = PBXFileReference; lastKnownFileType = sourcecode.swift; path = WindowPickerController.swift; sourceTree = "<group>"; };
		AB7DE0331C0F453CDD3AC81C /* ClipStack.entitlements */ = {isa = PBXFileReference; lastKnownFileType = text.plist.entitlements; path = ClipStack.entitlements; sourceTree = "<group>"; };
		AC4D8CEDC2E4D2B6BF225D7E /* cheetah.png */ = {isa = PBXFileReference; lastKnownFileType = image.png; path = cheetah.png; sourceTree = "<group>"; };
		B7B0A9FAC9A49162CEDB8615 /* WindowSnapHelper.swift */ = {isa = PBXFileReference; lastKnownFileType = sourcecode.swift; path = WindowSnapHelper.swift; sourceTree = "<group>"; };
		B8409B947DC3C998D3CD9C17 /* PresetStore.swift */ = {isa = PBXFileReference; lastKnownFileType = sourcecode.swift; path = PresetStore.swift; sourceTree = "<group>"; };
		BB4E160D4DAE7C7F93BA103B /* ClipEntryLeadingIcon.swift */ = {isa = PBXFileReference; lastKnownFileType = sourcecode.swift; path = ClipEntryLeadingIcon.swift; sourceTree = "<group>"; };
		C0A3A6CB12A150B55168B312 /* HotKeyManager.swift */ = {isa = PBXFileReference; lastKnownFileType = sourcecode.swift; path = HotKeyManager.swift; sourceTree = "<group>"; };
		C5A4D0737AA92751C8DF31B4 /* sequoia-light.png */ = {isa = PBXFileReference; lastKnownFileType = image.png; path = "sequoia-light.png"; sourceTree = "<group>"; };
		D38061566A7F97BB4FE27BCD /* CapturePreset.swift */ = {isa = PBXFileReference; lastKnownFileType = sourcecode.swift; path = CapturePreset.swift; sourceTree = "<group>"; };
		D54D28040278DA6DFB065A18 /* SettingsWindowController.swift */ = {isa = PBXFileReference; lastKnownFileType = sourcecode.swift; path = SettingsWindowController.swift; sourceTree = "<group>"; };
		D6F762A13D0729BE0BC9EE04 /* WindowResizer.swift */ = {isa = PBXFileReference; lastKnownFileType = sourcecode.swift; path = WindowResizer.swift; sourceTree = "<group>"; };
		DDDB9D2C18D138F6E4748D1A /* PanelController.swift */ = {isa = PBXFileReference; lastKnownFileType = sourcecode.swift; path = PanelController.swift; sourceTree = "<group>"; };
		E955B7B5C9C6E8ACA5E86022 /* ClipboardEntry.swift */ = {isa = PBXFileReference; lastKnownFileType = sourcecode.swift; path = ClipboardEntry.swift; sourceTree = "<group>"; };
		EB707BF16F382FDD1D5066E9 /* ManageCapturePresetsWindowController.swift */ = {isa = PBXFileReference; lastKnownFileType = sourcecode.swift; path = ManageCapturePresetsWindowController.swift; sourceTree = "<group>"; };
		F15A4ECCAA9A7372DB15A7E8 /* ClipboardStore.swift */ = {isa = PBXFileReference; lastKnownFileType = sourcecode.swift; path = ClipboardStore.swift; sourceTree = "<group>"; };
		F241498E324524D80BEB11A0 /* tiger.png */ = {isa = PBXFileReference; lastKnownFileType = image.png; path = tiger.png; sourceTree = "<group>"; };
		F6F40FB1ED7600A64FB58F72 /* AVFoundation.framework */ = {isa = PBXFileReference; lastKnownFileType = wrapper.framework; name = AVFoundation.framework; path = System/Library/Frameworks/AVFoundation.framework; sourceTree = SDKROOT; };
/* End PBXFileReference section */

/* Begin PBXFrameworksBuildPhase section */
		6BDD5A0C85F1CB8DA0EFEE02 /* Frameworks */ = {
			isa = PBXFrameworksBuildPhase;
			buildActionMask = 2147483647;
			files = (
				F3646EF2FF0988FB75DE931F /* KeyboardShortcuts in Frameworks */,
				1EFF696220EBC543548BE343 /* ScreenCaptureKit.framework in Frameworks */,
				9493FCDFD69178AF175776CF /* AVFoundation.framework in Frameworks */,
			);
			runOnlyForDeploymentPostprocessing = 0;
		};
/* End PBXFrameworksBuildPhase section */

/* Begin PBXGroup section */
		1370A1BF3DACFE409117E5AF /* Wallpapers */ = {
			isa = PBXGroup;
			children = (
				AC4D8CEDC2E4D2B6BF225D7E /* cheetah.png */,
				C5A4D0737AA92751C8DF31B4 /* sequoia-light.png */,
				57AF0CA47B5466F4BECE8D17 /* sequoia-sunrise.png */,
				4BF94003ACDBD2ACFB274D96 /* tahoe-beach-day.png */,
				63016E459E9FD41EA2FBE3EA /* tahoe-light.png */,
				F241498E324524D80BEB11A0 /* tiger.png */,
				A2B369E3801F43BA87328743 /* ventura.png */,
			);
			path = Wallpapers;
			sourceTree = "<group>";
		};
		1E87586D26CA89351F28D23B /* Utilities */ = {
			isa = PBXGroup;
			children = (
				1C5BC8040E4331D37B8ECF67 /* AppIconResolver.swift */,
				53E4436B40C55A08E5C97F5A /* AppModelContainer.swift */,
				8AE633B1AF39F3084ACB13BD /* CaptureActionSymbol.swift */,
				30229873C44CC54400D1C744 /* Date+ClipFormatting.swift */,
				C0A3A6CB12A150B55168B312 /* HotKeyManager.swift */,
				DDDB9D2C18D138F6E4748D1A /* PanelController.swift */,
				D54D28040278DA6DFB065A18 /* SettingsWindowController.swift */,
				B7B0A9FAC9A49162CEDB8615 /* WindowSnapHelper.swift */,
			);
			path = Utilities;
			sourceTree = "<group>";
		};
		1F6677CEADDDF2B5362CF04F /* Views */ = {
			isa = PBXGroup;
			children = (
				3685DAD64FB238C176B0E70A /* CaptureToastController.swift */,
				4C8086AC9C3F2CBC99D72C50 /* ClipboardKeyboardView.swift */,
				BB4E160D4DAE7C7F93BA103B /* ClipEntryLeadingIcon.swift */,
				330DA393B8126F81C67AD6EB /* ClipEntryRowLabels.swift */,
				62E40AE7A5000372F2127B77 /* ClipRenameBar.swift */,
				5E6AABD00AEE073CAE9811EF /* ClipStackPanelView.swift */,
				0D9B634D8A7F81B967797A99 /* HideTextFieldFocusRing.swift */,
				17889F6CA04E5C396C7D78F5 /* KeyboardNavigationHandlers.swift */,
				EB707BF16F382FDD1D5066E9 /* ManageCapturePresetsWindowController.swift */,
				9F29F0D57074003989A4ED38 /* ManagePresetsWindowController.swift */,
				4A72144684651120725866ED /* PermissionsWindowController.swift */,
				414C06CAD6CBBB92196136E5 /* RecordingDimOverlayController.swift */,
				9EC4D0CD56BF48496008434F /* RegionOverlayController.swift */,
				8F6D1475373E63AB7C1A246E /* RegionSelectorController.swift */,
				A014F6A15549D95FB46D5302 /* RowClickHandling.swift */,
				5BE8E86AA04D3C8B9C2BA9A4 /* StatusBarPopoverController.swift */,
				AA9FAAC68248813A06ABCC55 /* WindowPickerController.swift */,
				46ACF7074C9C1FBF4EC8F35D /* WindowPickerOverlayController.swift */,
			);
			path = Views;
			sourceTree = "<group>";
		};
		33755797B3E5327C123A4431 /* Services */ = {
			isa = PBXGroup;
			children = (
				83BD87349207258D418C17A3 /* CapturePresetStore.swift */,
				F15A4ECCAA9A7372DB15A7E8 /* ClipboardStore.swift */,
				2065D000C3E4B9F1F899DD71 /* ClipEntryThumbnail.swift */,
				1E1984BF89FE4C74F4F1A0D4 /* ImageFramer.swift */,
				44F3CA1AD2F1332D79B48B79 /* PasteboardMonitor.swift */,
				32F824237740C8E6395E793F /* PermissionManager.swift */,
				B8409B947DC3C998D3CD9C17 /* PresetStore.swift */,
				4388B968F70BE0DB4B91D8FC /* ScreenCaptureService.swift */,
				A76ED578606AABEE6B8E79D1 /* WallpaperFrameLibrary.swift */,
				D6F762A13D0729BE0BC9EE04 /* WindowResizer.swift */,
			);
			path = Services;
			sourceTree = "<group>";
		};
		3C4A86ABDE022C0C7B48F18B /* Frameworks */ = {
			isa = PBXGroup;
			children = (
				F6F40FB1ED7600A64FB58F72 /* AVFoundation.framework */,
				A7F7677ADC2BA0B72BDCEBF5 /* ScreenCaptureKit.framework */,
			);
			name = Frameworks;
			sourceTree = "<group>";
		};
		83D0CF34259171B063904916 /* ClipStack */ = {
			isa = PBXGroup;
			children = (
				C49EAEF9858E467E69F9080E /* Models */,
				AFC1B773B471DFE9FDC63EDD /* Resources */,
				33755797B3E5327C123A4431 /* Services */,
				1E87586D26CA89351F28D23B /* Utilities */,
				1F6677CEADDDF2B5362CF04F /* Views */,
				58E81A318D88EADB62857D1B /* AppDelegate.swift */,
				30E11364E2666F7E73C54D7D /* Assets.xcassets */,
				AB7DE0331C0F453CDD3AC81C /* ClipStack.entitlements */,
				4E415E4323B59400A70E83FC /* main.swift */,
			);
			path = ClipStack;
			sourceTree = "<group>";
		};
		951A0C260ED952644B597EFC /* Products */ = {
			isa = PBXGroup;
			children = (
				4AD33A9A1EA5E938B05C3DC9 /* ClipStack.app */,
			);
			name = Products;
			sourceTree = "<group>";
		};
		AFC1B773B471DFE9FDC63EDD /* Resources */ = {
			isa = PBXGroup;
			children = (
				1370A1BF3DACFE409117E5AF /* Wallpapers */,
			);
			path = Resources;
			sourceTree = "<group>";
		};
		C49EAEF9858E467E69F9080E /* Models */ = {
			isa = PBXGroup;
			children = (
				D38061566A7F97BB4FE27BCD /* CapturePreset.swift */,
				E955B7B5C9C6E8ACA5E86022 /* ClipboardEntry.swift */,
				5298CE0F84B1447AEF03AC16 /* WallpaperFrame.swift */,
				35D993017A2EAAEA9BE82F28 /* WidthPreset.swift */,
			);
			path = Models;
			sourceTree = "<group>";
		};
		DEB6221C422CA431E4A7B986 = {
			isa = PBXGroup;
			children = (
				83D0CF34259171B063904916 /* ClipStack */,
				3C4A86ABDE022C0C7B48F18B /* Frameworks */,
				951A0C260ED952644B597EFC /* Products */,
			);
			sourceTree = "<group>";
		};
/* End PBXGroup section */

/* Begin PBXNativeTarget section */
		B2FAF9997D9C7ED3E84858E7 /* ClipStack */ = {
			isa = PBXNativeTarget;
			buildConfigurationList = 3688B93E0244BD1AFA660440 /* Build configuration list for PBXNativeTarget "ClipStack" */;
			buildPhases = (
				3245F43BC34037A25C3ED16C /* Sources */,
				4375407588D4AC3318353517 /* Resources */,
				6BDD5A0C85F1CB8DA0EFEE02 /* Frameworks */,
			);
			buildRules = (
			);
			dependencies = (
			);
			name = ClipStack;
			packageProductDependencies = (
				5053D96CBC31A6AC04EE4F07 /* KeyboardShortcuts */,
			);
			productName = ClipStack;
			productReference = 4AD33A9A1EA5E938B05C3DC9 /* ClipStack.app */;
			productType = "com.apple.product-type.application";
		};
/* End PBXNativeTarget section */

/* Begin PBXProject section */
		41DEF3C3AA129EAB0C9268A0 /* Project object */ = {
			isa = PBXProject;
			attributes = {
				BuildIndependentTargetsInParallel = YES;
				LastUpgradeCheck = 1430;
				TargetAttributes = {
					B2FAF9997D9C7ED3E84858E7 = {
						DevelopmentTeam = YW3FCY33TJ;
						ProvisioningStyle = Automatic;
					};
				};
			};
			buildConfigurationList = 62C789DFA48EC0F8355F5505 /* Build configuration list for PBXProject "ClipStack" */;
			developmentRegion = en;
			hasScannedForEncodings = 0;
			knownRegions = (
				Base,
				en,
			);
			mainGroup = DEB6221C422CA431E4A7B986;
			minimizedProjectReferenceProxies = 1;
			packageReferences = (
				A7108B7FE594E25184ED85FA /* XCRemoteSwiftPackageReference "KeyboardShortcuts" */,
			);
			preferredProjectObjectVersion = 77;
			productRefGroup = 951A0C260ED952644B597EFC /* Products */;
			projectDirPath = "";
			projectRoot = "";
			targets = (
				B2FAF9997D9C7ED3E84858E7 /* ClipStack */,
			);
		};
/* End PBXProject section */

/* Begin PBXResourcesBuildPhase section */
		4375407588D4AC3318353517 /* Resources */ = {
			isa = PBXResourcesBuildPhase;
			buildActionMask = 2147483647;
			files = (
				079748640601C18F13C6BBEA /* Assets.xcassets in Resources */,
				FEFD635408FC022A520ED17C /* cheetah.png in Resources */,
				0A24537F5B347368530FDBC4 /* sequoia-light.png in Resources */,
				4ACE22E4A43D6D22A2F54FEA /* sequoia-sunrise.png in Resources */,
				26D70B3A5515E1CA7C6376D2 /* tahoe-beach-day.png in Resources */,
				D749DA8B8CC480EB8FCF20F8 /* tahoe-light.png in Resources */,
				BBE15B6CAE232B302998F4F2 /* tiger.png in Resources */,
				745C3577A6EFCF00856C08E3 /* ventura.png in Resources */,
			);
			runOnlyForDeploymentPostprocessing = 0;
		};
/* End PBXResourcesBuildPhase section */

/* Begin PBXSourcesBuildPhase section */
		3245F43BC34037A25C3ED16C /* Sources */ = {
			isa = PBXSourcesBuildPhase;
			buildActionMask = 2147483647;
			files = (
				C14E96BE351FD2F6BFBD6843 /* AppDelegate.swift in Sources */,
				56D9CBD1DB0F5EF1DB699E80 /* AppIconResolver.swift in Sources */,
				38A22B38FFC82423FE2EC859 /* AppModelContainer.swift in Sources */,
				30735F291F553707BA2A64B7 /* CaptureActionSymbol.swift in Sources */,
				F437CAC9D0197F4A19AD5436 /* CapturePreset.swift in Sources */,
				D4AE903AA4E50A924B5ED895 /* CapturePresetStore.swift in Sources */,
				BB454437C3F80051E8C3C9D8 /* CaptureToastController.swift in Sources */,
				133991DEE4C63F117D8A05E6 /* ClipEntryLeadingIcon.swift in Sources */,
				1D760B7B9A97B8264B50317A /* ClipEntryRowLabels.swift in Sources */,
				F52A07CBAD035B8F51051478 /* ClipEntryThumbnail.swift in Sources */,
				63A861CE44CD0EAB8DF39896 /* ClipRenameBar.swift in Sources */,
				C7BC139F7D407DB2F420D39B /* ClipStackPanelView.swift in Sources */,
				00ECC2C717C840949927EF92 /* ClipboardEntry.swift in Sources */,
				F51F6CCC9DE42E96DEBC4373 /* ClipboardKeyboardView.swift in Sources */,
				23C6499D022468FB17EECB41 /* ClipboardStore.swift in Sources */,
				661BE62CAE15AD29224B240B /* Date+ClipFormatting.swift in Sources */,
				707FD31FCF6D3C23A7F355CF /* HideTextFieldFocusRing.swift in Sources */,
				48DF5A94E202473454236055 /* HotKeyManager.swift in Sources */,
				0FC71F0CF41DEE4DF86C4F9C /* ImageFramer.swift in Sources */,
				B02B9169D696DB9DC4F1A4B8 /* KeyboardNavigationHandlers.swift in Sources */,
				DEFCE4914CFD3F8A2941DC91 /* ManageCapturePresetsWindowController.swift in Sources */,
				866DBB21FA4CCFB4C64E5A91 /* ManagePresetsWindowController.swift in Sources */,
				37D6F3FC76FF24596F96AE08 /* PanelController.swift in Sources */,
				4AD487E4BAF156C280059672 /* PasteboardMonitor.swift in Sources */,
				94D417759BCE49DF5C8579AD /* PermissionManager.swift in Sources */,
				FED5F11077B93A970E576A0E /* PermissionsWindowController.swift in Sources */,
				996BDCDDA8359766AB3543F8 /* PresetStore.swift in Sources */,
				2CEF125D78B5B70D73CDD5CC /* RecordingDimOverlayController.swift in Sources */,
				DC50BFC337FC899C0B569564 /* RegionOverlayController.swift in Sources */,
				9E8F7D3C1EB5E415F9EC08BA /* RegionSelectorController.swift in Sources */,
				6E48E6171AF82A3A84A0F143 /* RowClickHandling.swift in Sources */,
				CF197E6F5B0F8E83EE56A54B /* ScreenCaptureService.swift in Sources */,
				C80E5612FC4A0CCFC77CDDF0 /* SettingsWindowController.swift in Sources */,
				269C24D2B3A12EB25C0D28C5 /* StatusBarPopoverController.swift in Sources */,
				3917EB1DFD9B6583E7AF255F /* WallpaperFrame.swift in Sources */,
				4279D05EB5849ADBB561BC77 /* WallpaperFrameLibrary.swift in Sources */,
				9613F1716D3373FF6889099F /* WidthPreset.swift in Sources */,
				F0F34EFD223F1515671059E0 /* WindowPickerController.swift in Sources */,
				C16E76DC62277DCE84BC6D65 /* WindowPickerOverlayController.swift in Sources */,
				D5E84197E3DDD3C07A6D4E1C /* WindowResizer.swift in Sources */,
				7F4620053AA69AB8A3C8D8F0 /* WindowSnapHelper.swift in Sources */,
				250A8B0F67E4F5DDA1071000 /* main.swift in Sources */,
			);
			runOnlyForDeploymentPostprocessing = 0;
		};
/* End PBXSourcesBuildPhase section */

/* Begin XCBuildConfiguration section */
		0D26DAA765542198F7CB8075 /* Debug */ = {
			isa = XCBuildConfiguration;
			buildSettings = {
				ALWAYS_SEARCH_USER_PATHS = NO;
				CLANG_ANALYZER_NONNULL = YES;
				CLANG_ANALYZER_NUMBER_OBJECT_CONVERSION = YES_AGGRESSIVE;
				CLANG_CXX_LANGUAGE_STANDARD = "gnu++14";
				CLANG_CXX_LIBRARY = "libc++";
				CLANG_ENABLE_MODULES = YES;
				CLANG_ENABLE_OBJC_ARC = YES;
				CLANG_ENABLE_OBJC_WEAK = YES;
				CLANG_WARN_BLOCK_CAPTURE_AUTORELEASING = YES;
				CLANG_WARN_BOOL_CONVERSION = YES;
				CLANG_WARN_COMMA = YES;
				CLANG_WARN_CONSTANT_CONVERSION = YES;
				CLANG_WARN_DEPRECATED_OBJC_IMPLEMENTATIONS = YES;
				CLANG_WARN_DIRECT_OBJC_ISA_USAGE = YES_ERROR;
				CLANG_WARN_DOCUMENTATION_COMMENTS = YES;
				CLANG_WARN_EMPTY_BODY = YES;
				CLANG_WARN_ENUM_CONVERSION = YES;
				CLANG_WARN_INFINITE_RECURSION = YES;
				CLANG_WARN_INT_CONVERSION = YES;
				CLANG_WARN_NON_LITERAL_NULL_CONVERSION = YES;
				CLANG_WARN_OBJC_IMPLICIT_RETAIN_SELF = YES;
				CLANG_WARN_OBJC_LITERAL_CONVERSION = YES;
				CLANG_WARN_OBJC_ROOT_CLASS = YES_ERROR;
				CLANG_WARN_QUOTED_INCLUDE_IN_FRAMEWORK_HEADER = YES;
				CLANG_WARN_RANGE_LOOP_ANALYSIS = YES;
				CLANG_WARN_STRICT_PROTOTYPES = YES;
				CLANG_WARN_SUSPICIOUS_MOVE = YES;
				CLANG_WARN_UNGUARDED_AVAILABILITY = YES_AGGRESSIVE;
				CLANG_WARN_UNREACHABLE_CODE = YES;
				CLANG_WARN__DUPLICATE_METHOD_MATCH = YES;
				COPY_PHASE_STRIP = NO;
				DEBUG_INFORMATION_FORMAT = dwarf;
				ENABLE_STRICT_OBJC_MSGSEND = YES;
				ENABLE_TESTABILITY = YES;
				GCC_C_LANGUAGE_STANDARD = gnu11;
				GCC_DYNAMIC_NO_PIC = NO;
				GCC_NO_COMMON_BLOCKS = YES;
				GCC_OPTIMIZATION_LEVEL = 0;
				GCC_PREPROCESSOR_DEFINITIONS = (
					"$(inherited)",
					"DEBUG=1",
				);
				GCC_WARN_64_TO_32_BIT_CONVERSION = YES;
				GCC_WARN_ABOUT_RETURN_TYPE = YES_ERROR;
				GCC_WARN_UNDECLARED_SELECTOR = YES;
				GCC_WARN_UNINITIALIZED_AUTOS = YES_AGGRESSIVE;
				GCC_WARN_UNUSED_FUNCTION = YES;
				GCC_WARN_UNUSED_VARIABLE = YES;
				MACOSX_DEPLOYMENT_TARGET = 14.0;
				MTL_ENABLE_DEBUG_INFO = INCLUDE_SOURCE;
				MTL_FAST_MATH = YES;
				ONLY_ACTIVE_ARCH = YES;
				PRODUCT_NAME = "$(TARGET_NAME)";
				SDKROOT = macosx;
				SWIFT_ACTIVE_COMPILATION_CONDITIONS = DEBUG;
				SWIFT_OPTIMIZATION_LEVEL = "-Onone";
				SWIFT_VERSION = 5.9;
			};
			name = Debug;
		};
		341932FEE64B96439112A0E2 /* Release */ = {
			isa = XCBuildConfiguration;
			buildSettings = {
				ASSETCATALOG_COMPILER_APPICON_NAME = AppIcon;
				CODE_SIGN_ENTITLEMENTS = ClipStack/ClipStack.entitlements;
				CODE_SIGN_IDENTITY = "Apple Development";
				CODE_SIGN_STYLE = Automatic;
				COMBINE_HIDPI_IMAGES = YES;
				CURRENT_PROJECT_VERSION = 1;
				DEVELOPMENT_TEAM = YW3FCY33TJ;
				ENABLE_DEBUG_DYLIB = NO;
				ENABLE_HARDENED_RUNTIME = YES;
				ENABLE_PREVIEWS = NO;
				GENERATE_INFOPLIST_FILE = YES;
				INFOPLIST_KEY_CFBundleDisplayName = ClipStack;
				INFOPLIST_KEY_LSApplicationCategoryType = "public.app-category.productivity";
				INFOPLIST_KEY_LSMinimumSystemVersion = 14.0;
				INFOPLIST_KEY_LSUIElement = YES;
				INFOPLIST_KEY_NSAccessibilityUsageDescription = "ClipStack needs Accessibility access to read and resize other app windows.";
				INFOPLIST_KEY_NSHumanReadableCopyright = "Copyright © 2026 Theodore Richardson. All rights reserved.";
				LD_RUNPATH_SEARCH_PATHS = (
					"$(inherited)",
					"@executable_path/../Frameworks",
				);
				MARKETING_VERSION = 1.0.0;
				PRODUCT_BUNDLE_IDENTIFIER = com.theorichardson.ClipStack;
				PRODUCT_NAME = ClipStack;
				SDKROOT = macosx;
				SWIFT_STRICT_CONCURRENCY = complete;
			};
			name = Release;
		};
		34288EC9B0F2BBC97E267301 /* Debug */ = {
			isa = XCBuildConfiguration;
			buildSettings = {
				ASSETCATALOG_COMPILER_APPICON_NAME = AppIcon;
				CODE_SIGN_ENTITLEMENTS = ClipStack/ClipStack.entitlements;
				CODE_SIGN_IDENTITY = "Apple Development";
				CODE_SIGN_STYLE = Automatic;
				COMBINE_HIDPI_IMAGES = YES;
				CURRENT_PROJECT_VERSION = 1;
				DEVELOPMENT_TEAM = YW3FCY33TJ;
				ENABLE_DEBUG_DYLIB = NO;
				ENABLE_HARDENED_RUNTIME = YES;
				ENABLE_PREVIEWS = NO;
				GENERATE_INFOPLIST_FILE = YES;
				INFOPLIST_KEY_CFBundleDisplayName = ClipStack;
				INFOPLIST_KEY_LSApplicationCategoryType = "public.app-category.productivity";
				INFOPLIST_KEY_LSMinimumSystemVersion = 14.0;
				INFOPLIST_KEY_LSUIElement = YES;
				INFOPLIST_KEY_NSAccessibilityUsageDescription = "ClipStack needs Accessibility access to read and resize other app windows.";
				INFOPLIST_KEY_NSHumanReadableCopyright = "Copyright © 2026 Theodore Richardson. All rights reserved.";
				LD_RUNPATH_SEARCH_PATHS = (
					"$(inherited)",
					"@executable_path/../Frameworks",
				);
				MARKETING_VERSION = 1.0.0;
				PRODUCT_BUNDLE_IDENTIFIER = com.theorichardson.ClipStack;
				PRODUCT_NAME = ClipStack;
				SDKROOT = macosx;
				SWIFT_STRICT_CONCURRENCY = complete;
			};
			name = Debug;
		};
		83A81FB9C9F69CD451D93709 /* Release */ = {
			isa = XCBuildConfiguration;
			buildSettings = {
				ALWAYS_SEARCH_USER_PATHS = NO;
				CLANG_ANALYZER_NONNULL = YES;
				CLANG_ANALYZER_NUMBER_OBJECT_CONVERSION = YES_AGGRESSIVE;
				CLANG_CXX_LANGUAGE_STANDARD = "gnu++14";
				CLANG_CXX_LIBRARY = "libc++";
				CLANG_ENABLE_MODULES = YES;
				CLANG_ENABLE_OBJC_ARC = YES;
				CLANG_ENABLE_OBJC_WEAK = YES;
				CLANG_WARN_BLOCK_CAPTURE_AUTORELEASING = YES;
				CLANG_WARN_BOOL_CONVERSION = YES;
				CLANG_WARN_COMMA = YES;
				CLANG_WARN_CONSTANT_CONVERSION = YES;
				CLANG_WARN_DEPRECATED_OBJC_IMPLEMENTATIONS = YES;
				CLANG_WARN_DIRECT_OBJC_ISA_USAGE = YES_ERROR;
				CLANG_WARN_DOCUMENTATION_COMMENTS = YES;
				CLANG_WARN_EMPTY_BODY = YES;
				CLANG_WARN_ENUM_CONVERSION = YES;
				CLANG_WARN_INFINITE_RECURSION = YES;
				CLANG_WARN_INT_CONVERSION = YES;
				CLANG_WARN_NON_LITERAL_NULL_CONVERSION = YES;
				CLANG_WARN_OBJC_IMPLICIT_RETAIN_SELF = YES;
				CLANG_WARN_OBJC_LITERAL_CONVERSION = YES;
				CLANG_WARN_OBJC_ROOT_CLASS = YES_ERROR;
				CLANG_WARN_QUOTED_INCLUDE_IN_FRAMEWORK_HEADER = YES;
				CLANG_WARN_RANGE_LOOP_ANALYSIS = YES;
				CLANG_WARN_STRICT_PROTOTYPES = YES;
				CLANG_WARN_SUSPICIOUS_MOVE = YES;
				CLANG_WARN_UNGUARDED_AVAILABILITY = YES_AGGRESSIVE;
				CLANG_WARN_UNREACHABLE_CODE = YES;
				CLANG_WARN__DUPLICATE_METHOD_MATCH = YES;
				COPY_PHASE_STRIP = NO;
				DEBUG_INFORMATION_FORMAT = "dwarf-with-dsym";
				ENABLE_NS_ASSERTIONS = NO;
				ENABLE_STRICT_OBJC_MSGSEND = YES;
				GCC_C_LANGUAGE_STANDARD = gnu11;
				GCC_NO_COMMON_BLOCKS = YES;
				GCC_WARN_64_TO_32_BIT_CONVERSION = YES;
				GCC_WARN_ABOUT_RETURN_TYPE = YES_ERROR;
				GCC_WARN_UNDECLARED_SELECTOR = YES;
				GCC_WARN_UNINITIALIZED_AUTOS = YES_AGGRESSIVE;
				GCC_WARN_UNUSED_FUNCTION = YES;
				GCC_WARN_UNUSED_VARIABLE = YES;
				MACOSX_DEPLOYMENT_TARGET = 14.0;
				MTL_ENABLE_DEBUG_INFO = NO;
				MTL_FAST_MATH = YES;
				PRODUCT_NAME = "$(TARGET_NAME)";
				SDKROOT = macosx;
				SWIFT_COMPILATION_MODE = wholemodule;
				SWIFT_OPTIMIZATION_LEVEL = "-O";
				SWIFT_VERSION = 5.9;
			};
			name = Release;
		};
/* End XCBuildConfiguration section */

/* Begin XCConfigurationList section */
		3688B93E0244BD1AFA660440 /* Build configuration list for PBXNativeTarget "ClipStack" */ = {
			isa = XCConfigurationList;
			buildConfigurations = (
				34288EC9B0F2BBC97E267301 /* Debug */,
				341932FEE64B96439112A0E2 /* Release */,
			);
			defaultConfigurationIsVisible = 0;
			defaultConfigurationName = Debug;
		};
		62C789DFA48EC0F8355F5505 /* Build configuration list for PBXProject "ClipStack" */ = {
			isa = XCConfigurationList;
			buildConfigurations = (
				0D26DAA765542198F7CB8075 /* Debug */,
				83A81FB9C9F69CD451D93709 /* Release */,
			);
			defaultConfigurationIsVisible = 0;
			defaultConfigurationName = Debug;
		};
/* End XCConfigurationList section */

/* Begin XCRemoteSwiftPackageReference section */
		A7108B7FE594E25184ED85FA /* XCRemoteSwiftPackageReference "KeyboardShortcuts" */ = {
			isa = XCRemoteSwiftPackageReference;
			repositoryURL = "https://github.com/sindresorhus/KeyboardShortcuts";
			requirement = {
				kind = upToNextMajorVersion;
				minimumVersion = 2.2.0;
			};
		};
/* End XCRemoteSwiftPackageReference section */

/* Begin XCSwiftPackageProductDependency section */
		5053D96CBC31A6AC04EE4F07 /* KeyboardShortcuts */ = {
			isa = XCSwiftPackageProductDependency;
			package = A7108B7FE594E25184ED85FA /* XCRemoteSwiftPackageReference "KeyboardShortcuts" */;
			productName = KeyboardShortcuts;
		};
/* End XCSwiftPackageProductDependency section */
	};
	rootObject = 41DEF3C3AA129EAB0C9268A0 /* Project object */;
}
